
Microsoft Visual Studio Solution File, Format Version 12.00
Project("{FAE04EC0-301F-11D3-BF4B-00C04F79EFBC}") = "Reports.Clients", "Reports.Clients\Reports.Clients.csproj", "{53C5249B-2678-43D1-8758-F493EAC714EB}"
EndProject
Project("{FAE04EC0-301F-11D3-BF4B-00C04F79EFBC}") = "Reports.DAL", "Reports.DAL\Reports.DAL.csproj", "{C1C57EA9-E498-4CA0-A4F7-91CE9571B4EE}"
EndProject
Project("{FAE04EC0-301F-11D3-BF4B-00C04F79EFBC}") = "Reports.Server", "Reports.Server\Reports.Server.csproj", "{972480EA-E7E6-4BB9-9D3A-95CB630DA46B}"
EndProject
Global
	GlobalSection(SolutionConfigurationPlatforms) = preSolution
		Debug|Any CPU = Debug|Any CPU
		Release|Any CPU = Release|Any CPU
	EndGlobalSection
	GlobalSection(ProjectConfigurationPlatforms) = postSolution
		{53C5249B-2678-43D1-8758-F493EAC714EB}.Debug|Any CPU.ActiveCfg = Debug|Any CPU
		{53C5249B-2678-43D1-8758-F493EAC714EB}.Debug|Any CPU.Build.0 = Debug|Any CPU
		{53C5249B-2678-43D1-8758-F493EAC714EB}.Release|Any CPU.ActiveCfg = Release|Any CPU
		{53C5249B-2678-43D1-8758-F493EAC714EB}.Release|Any CPU.Build.0 = Release|Any CPU
		{C1C57EA9-E498-4CA0-A4F7-91CE9571B4EE}.Debug|Any CPU.ActiveCfg = Debug|Any CPU
		{C1C57EA9-E498-4CA0-A4F7-91CE9571B4EE}.Debug|Any CPU.Build.0 = Debug|Any CPU
		{C1C57EA9-E498-4CA0-A4F7-91CE9571B4EE}.Release|Any CPU.ActiveCfg = Release|Any CPU
		{C1C57EA9-E498-4CA0-A4F7-91CE9571B4EE}.Release|Any CPU.Build.0 = Release|Any CPU
		{972480EA-E7E6-4BB9-9D3A-95CB630DA46B}.Debug|Any CPU.ActiveCfg = Debug|Any CPU
		{972480EA-E7E6-4BB9-9D3A-95CB630DA46B}.Debug|Any CPU.Build.0 = Debug|Any CPU
		{972480EA-E7E6-4BB9-9D3A-95CB630DA46B}.Release|Any CPU.ActiveCfg = Release|Any CPU
		{972480EA-E7E6-4BB9-9D3A-95CB630DA46B}.Release|Any CPU.Build.0 = Release|Any CPU
	EndGlobalSection
EndGlobal
